{
    "_meta": {
        "hash": {
            "sha256": "588d2b66189545e45fabc246e7fc940e3257339bab4c6b624956a93d4e6528e4"
        },
        "pipfile-spec": 6,
        "requires": {
            "python_version": "3.10"
        },
        "sources": [
            {
                "name": "pypi",
                "url": "https://pypi.org/simple",
                "verify_ssl": true
            }
        ]
    },
    "default": {
        "asgiref": {
            "hashes": [
                "sha256:3e1e3ecc849832fe52ccf2cb6686b7a55f82bb1d6aee72a58826471390335e47",
                "sha256:c343bd80a0bec947a9860adb4c432ffa7db769836c64238fc34bdc3fec84d590"
            ],
            "markers": "python_version >= '3.8'",
            "version": "==3.8.1"
        },
        "django": {
            "hashes": [
                "sha256:236e023f021f5ce7dee5779de7b286565fdea5f4ab86bae5338e3f7b69896cf0",
                "sha256:de450c09e91879fa5a307f696e57c851955c910a438a35e6b4c895e86bedc82a"
            ],
            "index": "pypi",
            "markers": "python_version >= '3.10'",
            "version": "==5.1.4"
        },
        "nanoid": {
            "hashes": [
                "sha256:5a80cad5e9c6e9ae3a41fa2fb34ae189f7cb420b2a5d8f82bd9d23466e4efa68",
                "sha256:90aefa650e328cffb0893bbd4c236cfd44c48bc1f2d0b525ecc53c3187b653bb"
            ],
            "index": "pypi",
            "version": "==2.0.0"
        },
        "psycopg": {
            "hashes": [
                "sha256:644d3973fe26908c73d4be746074f6e5224b03c1101d302d9a53bf565ad64907",
                "sha256:a5764f67c27bec8bfac85764d23c534af2c27b893550377e37ce59c12aac47a2"
            ],
            "index": "pypi",
            "markers": "python_version >= '3.8'",
            "version": "==3.2.3"
        },
        "sqlparse": {
            "hashes": [
                "sha256:09f67787f56a0b16ecdbde1bfc7f5d9c3371ca683cfeaa8e6ff60b4807ec9272",
                "sha256:cf2196ed3418f3ba5de6af7e82c694a9fbdbfecccdfc72e281548517081f16ca"
            ],
            "markers": "python_version >= '3.8'",
            "version": "==0.5.3"
        },
        "typing-extensions": {
            "hashes": [
                "sha256:04e5ca0351e0f3f85c6853954072df659d0d13fac324d0072316b67d7794700d",
                "sha256:1a7ead55c7e559dd4dee8856e3a88b41225abfe1ce8df57b7c13915fe121ffb8"
            ],
            "markers": "python_version < '3.13'",
            "version": "==4.12.2"
        }
    },
    "develop": {}
}
